
Microsoft Visual Studio Solution File, Format Version 12.00
# Visual Studio 15
VisualStudioVersion = 15.0.27703.2000
MinimumVisualStudioVersion = 10.0.40219.1
Project("{FAE04EC0-301F-11D3-BF4B-00C04F79EFBC}") = "AutoMatchingExchange", "AutoMatchingExchange\AutoMatchingExchange.csproj", "{2B65A9DD-9C7A-40B9-8AF2-914B4E743B17}"
EndProject
Project("{FAE04EC0-301F-11D3-BF4B-00C04F79EFBC}") = "ExchangeServer", "ExchangeServer\ExchangeServer.csproj", "{4CEE4DD5-4A30-49D2-AEF1-CE67C6CDC149}"
EndProject
Project("{FAE04EC0-301F-11D3-BF4B-00C04F79EFBC}") = "MessageQueue", "MessageQueue\MessageQueue.csproj", "{56EA5BE2-4850-4F44-AA54-11056A43B50C}"
EndProject
Project("{FAE04EC0-301F-11D3-BF4B-00C04F79EFBC}") = "ExchangeClient", "ExchangeClient\ExchangeClient.csproj", "{70834D5E-A10B-431A-8ED0-02EA54D97285}"
EndProject
Project("{FAE04EC0-301F-11D3-BF4B-00C04F79EFBC}") = "AutoMatchingExchange.UnitTests", "AutoMatchingExchange.UnitTests\AutoMatchingExchange.UnitTests.csproj", "{1FFCF922-CF1B-44DF-9BCA-822109BF503D}"
EndProject
Global
	GlobalSection(SolutionConfigurationPlatforms) = preSolution
		Debug|Any CPU = Debug|Any CPU
		Release|Any CPU = Release|Any CPU
	EndGlobalSection
	GlobalSection(ProjectConfigurationPlatforms) = postSolution
		{2B65A9DD-9C7A-40B9-8AF2-914B4E743B17}.Debug|Any CPU.ActiveCfg = Debug|Any CPU
		{2B65A9DD-9C7A-40B9-8AF2-914B4E743B17}.Debug|Any CPU.Build.0 = Debug|Any CPU
		{2B65A9DD-9C7A-40B9-8AF2-914B4E743B17}.Release|Any CPU.ActiveCfg = Release|Any CPU
		{2B65A9DD-9C7A-40B9-8AF2-914B4E743B17}.Release|Any CPU.Build.0 = Release|Any CPU
		{4CEE4DD5-4A30-49D2-AEF1-CE67C6CDC149}.Debug|Any CPU.ActiveCfg = Debug|Any CPU
		{4CEE4DD5-4A30-49D2-AEF1-CE67C6CDC149}.Debug|Any CPU.Build.0 = Debug|Any CPU
		{4CEE4DD5-4A30-49D2-AEF1-CE67C6CDC149}.Release|Any CPU.ActiveCfg = Release|Any CPU
		{4CEE4DD5-4A30-49D2-AEF1-CE67C6CDC149}.Release|Any CPU.Build.0 = Release|Any CPU
		{56EA5BE2-4850-4F44-AA54-11056A43B50C}.Debug|Any CPU.ActiveCfg = Debug|Any CPU
		{56EA5BE2-4850-4F44-AA54-11056A43B50C}.Debug|Any CPU.Build.0 = Debug|Any CPU
		{56EA5BE2-4850-4F44-AA54-11056A43B50C}.Release|Any CPU.ActiveCfg = Release|Any CPU
		{56EA5BE2-4850-4F44-AA54-11056A43B50C}.Release|Any CPU.Build.0 = Release|Any CPU
		{70834D5E-A10B-431A-8ED0-02EA54D97285}.Debug|Any CPU.ActiveCfg = Debug|Any CPU
		{70834D5E-A10B-431A-8ED0-02EA54D97285}.Debug|Any CPU.Build.0 = Debug|Any CPU
		{70834D5E-A10B-431A-8ED0-02EA54D97285}.Release|Any CPU.ActiveCfg = Release|Any CPU
		{70834D5E-A10B-431A-8ED0-02EA54D97285}.Release|Any CPU.Build.0 = Release|Any CPU
		{1FFCF922-CF1B-44DF-9BCA-822109BF503D}.Debug|Any CPU.ActiveCfg = Debug|Any CPU
		{1FFCF922-CF1B-44DF-9BCA-822109BF503D}.Debug|Any CPU.Build.0 = Debug|Any CPU
		{1FFCF922-CF1B-44DF-9BCA-822109BF503D}.Release|Any CPU.ActiveCfg = Release|Any CPU
		{1FFCF922-CF1B-44DF-9BCA-822109BF503D}.Release|Any CPU.Build.0 = Release|Any CPU
	EndGlobalSection
	GlobalSection(SolutionProperties) = preSolution
		HideSolutionNode = FALSE
	EndGlobalSection
	GlobalSection(ExtensibilityGlobals) = postSolution
		SolutionGuid = {8546B775-CF45-47E9-A5FA-18015FBA900D}
	EndGlobalSection
EndGlobal
